
Microsoft Visual Studio Solution File, Format Version 12.00
# Visual Studio Version 17
VisualStudioVersion = 17.8.34330.188
MinimumVisualStudioVersion = 10.0.40219.1
Project("{FAE04EC0-301F-11D3-BF4B-00C04F79EFBC}") = "VisitorExample", "VisitorExample\VisitorExample.csproj", "{52BAA58A-3497-4696-8F55-CA81287EE11D}"
EndProject
Global
	GlobalSection(SolutionConfigurationPlatforms) = preSolution
		Debug|Any CPU = Debug|Any CPU
		Release|Any CPU = Release|Any CPU
	EndGlobalSection
	GlobalSection(ProjectConfigurationPlatforms) = postSolution
		{52BAA58A-3497-4696-8F55-CA81287EE11D}.Debug|Any CPU.ActiveCfg = Debug|Any CPU
		{52BAA58A-3497-4696-8F55-CA81287EE11D}.Debug|Any CPU.Build.0 = Debug|Any CPU
		{52BAA58A-3497-4696-8F55-CA81287EE11D}.Release|Any CPU.ActiveCfg = Release|Any CPU
		{52BAA58A-3497-4696-8F55-CA81287EE11D}.Release|Any CPU.Build.0 = Release|Any CPU
	EndGlobalSection
	GlobalSection(SolutionProperties) = preSolution
		HideSolutionNode = FALSE
	EndGlobalSection
	GlobalSection(ExtensibilityGlobals) = postSolution
		SolutionGuid = {750F3731-3B16-4404-B66B-3816706CF310}
	EndGlobalSection
EndGlobal
